{
    "_readme": [
        "This file locks the dependencies of your project to a known state",
        "Read more about it at http://getcomposer.org/doc/01-basic-usage.md#composer-lock-the-lock-file"
    ],
    "hash": "1d4c8ce296a83ca296f377e40a54f2e7",
    "packages": [
        {
            "name": "icecave/dialekt",
            "version": "dev-develop",
            "source": {
                "type": "git",
                "url": "https://github.com/IcecaveStudios/dialekt.git",
                "reference": "91aadee"
            },
            "dist": {
                "type": "zip",
                "url": "https://api.github.com/repos/IcecaveStudios/dialekt/zipball/d1c1646b86ed4fd8ab415a88d97905eb752e8cec",
                "reference": "91aadee",
                "shasum": ""
            },
            "require": {
                "php": ">=5.3"
            },
            "require-dev": {
                "icecave/archer": "~1"
            },
            "suggest": {
                "eloquent/asplode": "Drop-in exception-based error handling."
            },
            "type": "library",
            "autoload": {
                "psr-4": {
                    "Icecave\\Dialekt\\": "src"
                }
            },
            "notification-url": "https://packagist.org/downloads/",
            "license": [
                "MIT"
            ],
            "authors": [
                {
                    "name": "James Harris",
                    "email": "james.harris@icecave.com.au",
                    "homepage": "https://github.com/jmalloc"
                }
            ],
            "description": "A very simple language for representing boolean expressions.",
            "homepage": "https://github.com/IcecaveStudios/dialekt",
            "keywords": [
                "boolean",
                "expression",
                "label",
                "logic",
                "logical",
                "parser",
                "search",
                "tag"
            ],
            "time": "2014-05-20 09:31:24"
        }
    ],
    "packages-dev": [

    ],
    "aliases": [

    ],
    "minimum-stability": "stable",
    "stability-flags": {
        "icecave/dialekt": 20
    },
    "platform": [

    ],
    "platform-dev": [

    ]
}
